# This file was autogenerated by Stack.
# You should not edit this file by hand.
# For more information, please see the documentation at:
#   https://docs.haskellstack.org/en/stable/lock_files

packages:
- completed:
    hackage: hw-json-1.0.0.1@sha256:af4b7f9e374b37160e385b1a5cb75de6a51ffc31d661dc1b03e18cc73ea689d2,8749
    pantry-tree:
      size: 5987
      sha256: e20299559dd96427de96182befd289af58f8324c56241485447e935ac81dd9ea
  original:
    hackage: hw-json-1.0.0.1
- completed:
    hackage: hw-json-simd-0.1.0.1@sha256:d7ec9c1fcee5ecf07cfc8274d4fc7a91c7cf5768735d31211fd7265e2bfa8b76,4242
    pantry-tree:
      size: 1794
      sha256: c5cae3afe6af19bf1c2f9d6a530c884dfe0339348ac17c0de27552b1fc2a57b2
  original:
    hackage: hw-json-simd-0.1.0.1
- completed:
    hackage: hw-mquery-0.2.0.1@sha256:1ac41a9fb22c3c4e78d6e7cb0dedd8f62559d543f229fae9f92937463e8bdf58,2678
    pantry-tree:
      size: 1231
      sha256: cab2ea1e3b2d32f566440e76bd463a815a1b18be52189f094fc37c1ab3b2ac96
  original:
    hackage: hw-mquery-0.2.0.1
- completed:
    hackage: hw-parser-0.1.0.0@sha256:f2be1e70f78db42dfa2f6d55891e2502a801ddee6c8f4a4db8e5d1577f09338b,1091
    pantry-tree:
      size: 273
      sha256: 13a7255c1a2ad035f57d4da9fb076f45dd2c2b400c7bb7297b0e4ce5bb658455
  original:
    hackage: hw-parser-0.1.0.0
- completed:
    hackage: hw-rankselect-0.12.0.4@sha256:c9907c98099bc6818aa4cd1af47066317b839c135f58a1d88a70bb12927be63c,5738
    pantry-tree:
      size: 2167
      sha256: 81a0b154bb01a9a0edb177702e23d48933787c34c02e2934a6c95ab16d0d63a0
  original:
    hackage: hw-rankselect-0.12.0.4
- completed:
    hackage: hw-simd-0.1.1.3@sha256:85a25e597f40bd8970a7617abab23aebb1ff32c9218fb95d5facf46c27aefc32,6399
    pantry-tree:
      size: 1943
      sha256: 570d6bb1996817ed586af6c9b84f9ab80e5828d1e4047222a2072dec9bcd19ef
  original:
    hackage: hw-simd-0.1.1.3
- completed:
    hackage: lens-4.17@sha256:534febcd710980b3c30efe12813e865b09fc6086a4ed6b7a6a8885f27caee3a6,14811
    pantry-tree:
      size: 7903
      sha256: 758f1116eef9ae07e10b1f748a0282e9faca7f8785951e23d35d7a8c6edb8e5d
  original:
    hackage: lens-4.17
snapshots:
- completed:
    size: 509471
    url: https://raw.githubusercontent.com/commercialhaskell/stackage-snapshots/master/lts/12/26.yaml
    sha256: 95f014df58d0679b1c4a2b7bf2b652b61da8d30de5f571abb0d59015ef678646
  original: lts-12.26
